# This file is automatically @generated by Cargo.
# It is not intended for manual editing.
version = 4

[[package]]
name = "pigeonhole"
version = "0.1.0"
dependencies = [
 "pigeonhole-engine",
]

[[package]]
name = "pigeonhole-arrow"
version = "0.1.0"
dependencies = [
 "pigeonhole",
]

[[package]]
name = "pigeonhole-bench"
version = "0.1.0"
dependencies = [
 "pigeonhole",
]

[[package]]
name = "pigeonhole-cache"
version = "0.1.0"
dependencies = [
 "pigeonhole-io",
]

[[package]]
name = "pigeonhole-capi"
version = "0.1.0"
dependencies = [
 "pigeonhole",
]

[[package]]
name = "pigeonhole-cli"
version = "0.1.0"
dependencies = [
 "pigeonhole",
]

[[package]]
name = "pigeonhole-compaction"
version = "0.1.0"
dependencies = [
 "pigeonhole-format",
 "pigeonhole-pager",
 "pigeonhole-sst",
]

[[package]]
name = "pigeonhole-engine"
version = "0.1.0"
dependencies = [
 "pigeonhole-cache",
 "pigeonhole-compaction",
 "pigeonhole-format",
 "pigeonhole-io",
 "pigeonhole-memtable",
 "pigeonhole-pager",
 "pigeonhole-runtime",
 "pigeonhole-shm",
 "pigeonhole-sst",
 "pigeonhole-wal",
]

[[package]]
name = "pigeonhole-format"
version = "0.1.0"

[[package]]
name = "pigeonhole-io"
version = "0.1.0"
dependencies = [
 "pigeonhole-format",
]

[[package]]
name = "pigeonhole-memtable"
version = "0.1.0"
dependencies = [
 "pigeonhole-format",
]

[[package]]
name = "pigeonhole-pager"
version = "0.1.0"
dependencies = [
 "pigeonhole-format",
 "pigeonhole-io",
]

[[package]]
name = "pigeonhole-runtime"
version = "0.1.0"
dependencies = [
 "pigeonhole-io",
]

[[package]]
name = "pigeonhole-shm"
version = "0.1.0"
dependencies = [
 "pigeonhole-format",
 "pigeonhole-io",
]

[[package]]
name = "pigeonhole-sim"
version = "0.1.0"
dependencies = [
 "pigeonhole-format",
 "pigeonhole-io",
]

[[package]]
name = "pigeonhole-sst"
version = "0.1.0"
dependencies = [
 "pigeonhole-cache",
 "pigeonhole-format",
 "pigeonhole-io",
]

[[package]]
name = "pigeonhole-wal"
version = "0.1.0"
dependencies = [
 "pigeonhole-format",
 "pigeonhole-io",
]
